
Microsoft Visual Studio Solution File, Format Version 12.00
# Visual Studio Version 17
VisualStudioVersion = 17.3.32922.545
MinimumVisualStudioVersion = 10.0.40219.1
Project("{9A19103F-16F7-4668-BE54-9A1E7A4F7556}") = "Entities", "Entities\Entities.csproj", "{42193541-E034-4E46-9BB8-019158CDF2B2}"
EndProject
Project("{9A19103F-16F7-4668-BE54-9A1E7A4F7556}") = "DataAccess", "DataAccess\DataAccess.csproj", "{AE973A38-FF10-4376-9596-A309FF8E4575}"
EndProject
Project("{9A19103F-16F7-4668-BE54-9A1E7A4F7556}") = "Core", "Core\Core.csproj", "{998CC1D3-55CF-4FFD-87DA-CE0589DD5C62}"
EndProject
Project("{9A19103F-16F7-4668-BE54-9A1E7A4F7556}") = "Business", "Business\Business.csproj", "{5C2B54EC-F63D-4DC1-A53D-D925EA18612C}"
EndProject
Project("{FAE04EC0-301F-11D3-BF4B-00C04F79EFBC}") = "WebAPI", "WebAPI\WebAPI.csproj", "{31F67F0F-7BEA-4948-9338-6FE193EA481B}"
EndProject
Global
	GlobalSection(SolutionConfigurationPlatforms) = preSolution
		Debug|Any CPU = Debug|Any CPU
		Release|Any CPU = Release|Any CPU
	EndGlobalSection
	GlobalSection(ProjectConfigurationPlatforms) = postSolution
		{42193541-E034-4E46-9BB8-019158CDF2B2}.Debug|Any CPU.ActiveCfg = Debug|Any CPU
		{42193541-E034-4E46-9BB8-019158CDF2B2}.Debug|Any CPU.Build.0 = Debug|Any CPU
		{42193541-E034-4E46-9BB8-019158CDF2B2}.Release|Any CPU.ActiveCfg = Release|Any CPU
		{42193541-E034-4E46-9BB8-019158CDF2B2}.Release|Any CPU.Build.0 = Release|Any CPU
		{AE973A38-FF10-4376-9596-A309FF8E4575}.Debug|Any CPU.ActiveCfg = Debug|Any CPU
		{AE973A38-FF10-4376-9596-A309FF8E4575}.Debug|Any CPU.Build.0 = Debug|Any CPU
		{AE973A38-FF10-4376-9596-A309FF8E4575}.Release|Any CPU.ActiveCfg = Release|Any CPU
		{AE973A38-FF10-4376-9596-A309FF8E4575}.Release|Any CPU.Build.0 = Release|Any CPU
		{998CC1D3-55CF-4FFD-87DA-CE0589DD5C62}.Debug|Any CPU.ActiveCfg = Debug|Any CPU
		{998CC1D3-55CF-4FFD-87DA-CE0589DD5C62}.Debug|Any CPU.Build.0 = Debug|Any CPU
		{998CC1D3-55CF-4FFD-87DA-CE0589DD5C62}.Release|Any CPU.ActiveCfg = Release|Any CPU
		{998CC1D3-55CF-4FFD-87DA-CE0589DD5C62}.Release|Any CPU.Build.0 = Release|Any CPU
		{5C2B54EC-F63D-4DC1-A53D-D925EA18612C}.Debug|Any CPU.ActiveCfg = Debug|Any CPU
		{5C2B54EC-F63D-4DC1-A53D-D925EA18612C}.Debug|Any CPU.Build.0 = Debug|Any CPU
		{5C2B54EC-F63D-4DC1-A53D-D925EA18612C}.Release|Any CPU.ActiveCfg = Release|Any CPU
		{5C2B54EC-F63D-4DC1-A53D-D925EA18612C}.Release|Any CPU.Build.0 = Release|Any CPU
		{31F67F0F-7BEA-4948-9338-6FE193EA481B}.Debug|Any CPU.ActiveCfg = Debug|Any CPU
		{31F67F0F-7BEA-4948-9338-6FE193EA481B}.Debug|Any CPU.Build.0 = Debug|Any CPU
		{31F67F0F-7BEA-4948-9338-6FE193EA481B}.Release|Any CPU.ActiveCfg = Release|Any CPU
		{31F67F0F-7BEA-4948-9338-6FE193EA481B}.Release|Any CPU.Build.0 = Release|Any CPU
	EndGlobalSection
	GlobalSection(SolutionProperties) = preSolution
		HideSolutionNode = FALSE
	EndGlobalSection
	GlobalSection(ExtensibilityGlobals) = postSolution
		SolutionGuid = {233954B7-683D-41EC-9BDA-D5B1BE7BEBD6}
	EndGlobalSection
EndGlobal
